
Microsoft Visual Studio Solution File, Format Version 12.00
# Visual Studio Version 16
VisualStudioVersion = 16.0.30309.148
MinimumVisualStudioVersion = 10.0.40219.1
Project("{9A19103F-16F7-4668-BE54-9A1E7A4F7556}") = "GitHubActionsDemoTests", "GitHubActionsDemoTests\GitHubActionsDemoTests.csproj", "{8C60EF3A-75BB-4E66-8624-F70D7AFA368C}"
EndProject
Project("{9A19103F-16F7-4668-BE54-9A1E7A4F7556}") = "GitHubActionsDemo", "GitHubActionsDemo\GitHubActionsDemo.csproj", "{E185428B-AE97-4D62-A18D-50D31C7D9CCA}"
EndProject
Global
	GlobalSection(SolutionConfigurationPlatforms) = preSolution
		Debug|Any CPU = Debug|Any CPU
		Release|Any CPU = Release|Any CPU
	EndGlobalSection
	GlobalSection(ProjectConfigurationPlatforms) = postSolution
		{8C60EF3A-75BB-4E66-8624-F70D7AFA368C}.Debug|Any CPU.ActiveCfg = Debug|Any CPU
		{8C60EF3A-75BB-4E66-8624-F70D7AFA368C}.Debug|Any CPU.Build.0 = Debug|Any CPU
		{8C60EF3A-75BB-4E66-8624-F70D7AFA368C}.Release|Any CPU.ActiveCfg = Release|Any CPU
		{8C60EF3A-75BB-4E66-8624-F70D7AFA368C}.Release|Any CPU.Build.0 = Release|Any CPU
		{E185428B-AE97-4D62-A18D-50D31C7D9CCA}.Debug|Any CPU.ActiveCfg = Debug|Any CPU
		{E185428B-AE97-4D62-A18D-50D31C7D9CCA}.Debug|Any CPU.Build.0 = Debug|Any CPU
		{E185428B-AE97-4D62-A18D-50D31C7D9CCA}.Release|Any CPU.ActiveCfg = Release|Any CPU
		{E185428B-AE97-4D62-A18D-50D31C7D9CCA}.Release|Any CPU.Build.0 = Release|Any CPU
	EndGlobalSection
	GlobalSection(SolutionProperties) = preSolution
		HideSolutionNode = FALSE
	EndGlobalSection
	GlobalSection(ExtensibilityGlobals) = postSolution
		SolutionGuid = {707F2DD9-7F39-4947-B1BF-D63EEC086BAA}
	EndGlobalSection
EndGlobal
